// !$*UTF8*$!
{
	archiveVersion = 1;
	classes = {
	};
	objectVersion = 50;
	objects = {

/* Begin PBXBuildFile section */
		62F45FE7259D139A00DF1A7E /* Death_TimeApp.swift in Sources */ = {isa = PBXBuildFile; fileRef = 62F45FD4259D139800DF1A7E /* Death_TimeApp.swift */; };
		62F45FE8259D139A00DF1A7E /* Death_TimeApp.swift in Sources */ = {isa = PBXBuildFile; fileRef = 62F45FD4259D139800DF1A7E /* Death_TimeApp.swift */; };
		62F45FE9259D139A00DF1A7E /* ContentView.swift in Sources */ = {isa = PBXBuildFile; fileRef = 62F45FD5259D139800DF1A7E /* ContentView.swift */; };
		62F45FEA259D139A00DF1A7E /* ContentView.swift in Sources */ = {isa = PBXBuildFile; fileRef = 62F45FD5259D139800DF1A7E /* ContentView.swift */; };
		62F45FEB259D139A00DF1A7E /* Assets.xcassets in Resources */ = {isa = PBXBuildFile; fileRef = 62F45FD6259D139A00DF1A7E /* Assets.xcassets */; };
		62F45FEC259D139A00DF1A7E /* Assets.xcassets in Resources */ = {isa = PBXBuildFile; fileRef = 62F45FD6259D139A00DF1A7E /* Assets.xcassets */; };
		62F45FFE259D13B400DF1A7E /* WidgetKit.framework in Frameworks */ = {isa = PBXBuildFile; fileRef = 62F45FFD259D13B400DF1A7E /* WidgetKit.framework */; };
		62F46000259D13B400DF1A7E /* SwiftUI.framework in Frameworks */ = {isa = PBXBuildFile; fileRef = 62F45FFF259D13B400DF1A7E /* SwiftUI.framework */; };
		62F46003259D13B400DF1A7E /* DeathTimeWidget.swift in Sources */ = {isa = PBXBuildFile; fileRef = 62F46002259D13B400DF1A7E /* DeathTimeWidget.swift */; };
		62F46005259D13B600DF1A7E /* Assets.xcassets in Resources */ = {isa = PBXBuildFile; fileRef = 62F46004259D13B600DF1A7E /* Assets.xcassets */; };
		62F46009259D13B600DF1A7E /* DeathTimeWidgetExtension.appex in Embed App Extensions */ = {isa = PBXBuildFile; fileRef = 62F45FFB259D13B400DF1A7E /* DeathTimeWidgetExtension.appex */; settings = {ATTRIBUTES = (RemoveHeadersOnCopy, ); }; };
/* End PBXBuildFile section */

/* Begin PBXContainerItemProxy section */
		62F46007259D13B600DF1A7E /* PBXContainerItemProxy */ = {
			isa = PBXContainerItemProxy;
			containerPortal = 62F45FCF259D139800DF1A7E /* Project object */;
			proxyType = 1;
			remoteGlobalIDString = 62F45FFA259D13B400DF1A7E;
			remoteInfo = DeathTimeWidgetExtension;
		};
/* End PBXContainerItemProxy section */

/* Begin PBXCopyFilesBuildPhase section */
		62F4600D259D13B600DF1A7E /* Embed App Extensions */ = {
			isa = PBXCopyFilesBuildPhase;
			buildActionMask = 2147483647;
			dstPath = "";
			dstSubfolderSpec = 13;
			files = (
				62F46009259D13B600DF1A7E /* DeathTimeWidgetExtension.appex in Embed App Extensions */,
			);
			name = "Embed App Extensions";
			runOnlyForDeploymentPostprocessing = 0;
		};
/* End PBXCopyFilesBuildPhase section */

/* Begin PBXFileReference section */
		62F45FD4259D139800DF1A7E /* Death_TimeApp.swift */ = {isa = PBXFileReference; lastKnownFileType = sourcecode.swift; path = Death_TimeApp.swift; sourceTree = "<group>"; };
		62F45FD5259D139800DF1A7E /* ContentView.swift */ = {isa = PBXFileReference; lastKnownFileType = sourcecode.swift; path = ContentView.swift; sourceTree = "<group>"; };
		62F45FD6259D139A00DF1A7E /* Assets.xcassets */ = {isa = PBXFileReference; lastKnownFileType = folder.assetcatalog; path = Assets.xcassets; sourceTree = "<group>"; };
		62F45FDB259D139A00DF1A7E /* Death Time.app */ = {isa = PBXFileReference; explicitFileType = wrapper.application; includeInIndex = 0; path = "Death Time.app"; sourceTree = BUILT_PRODUCTS_DIR; };
		62F45FDE259D139A00DF1A7E /* Info.plist */ = {isa = PBXFileReference; lastKnownFileType = text.plist.xml; path = Info.plist; sourceTree = "<group>"; };
		62F45FE3259D139A00DF1A7E /* Death Time.app */ = {isa = PBXFileReference; explicitFileType = wrapper.application; includeInIndex = 0; path = "Death Time.app"; sourceTree = BUILT_PRODUCTS_DIR; };
		62F45FE5259D139A00DF1A7E /* Info.plist */ = {isa = PBXFileReference; lastKnownFileType = text.plist.xml; path = Info.plist; sourceTree = "<group>"; };
		62F45FE6259D139A00DF1A7E /* macOS.entitlements */ = {isa = PBXFileReference; lastKnownFileType = text.plist.entitlements; path = macOS.entitlements; sourceTree = "<group>"; };
		62F45FFB259D13B400DF1A7E /* DeathTimeWidgetExtension.appex */ = {isa = PBXFileReference; explicitFileType = "wrapper.app-extension"; includeInIndex = 0; path = DeathTimeWidgetExtension.appex; sourceTree = BUILT_PRODUCTS_DIR; };
		62F45FFD259D13B400DF1A7E /* WidgetKit.framework */ = {isa = PBXFileReference; lastKnownFileType = wrapper.framework; name = WidgetKit.framework; path = System/Library/Frameworks/WidgetKit.framework; sourceTree = SDKROOT; };
		62F45FFF259D13B400DF1A7E /* SwiftUI.framework */ = {isa = PBXFileReference; lastKnownFileType = wrapper.framework; name = SwiftUI.framework; path = System/Library/Frameworks/SwiftUI.framework; sourceTree = SDKROOT; };
		62F46002259D13B400DF1A7E /* DeathTimeWidget.swift */ = {isa = PBXFileReference; lastKnownFileType = sourcecode.swift; path = DeathTimeWidget.swift; sourceTree = "<group>"; };
		62F46004259D13B600DF1A7E /* Assets.xcassets */ = {isa = PBXFileReference; lastKnownFileType = folder.assetcatalog; path = Assets.xcassets; sourceTree = "<group>"; };
		62F46006259D13B600DF1A7E /* Info.plist */ = {isa = PBXFileReference; lastKnownFileType = text.plist.xml; path = Info.plist; sourceTree = "<group>"; };
/* End PBXFileReference section */

/* Begin PBXFrameworksBuildPhase section */
		62F45FD8259D139A00DF1A7E /* Frameworks */ = {
			isa = PBXFrameworksBuildPhase;
			buildActionMask = 2147483647;
			files = (
			);
			runOnlyForDeploymentPostprocessing = 0;
		};
		62F45FE0259D139A00DF1A7E /* Frameworks */ = {
			isa = PBXFrameworksBuildPhase;
			buildActionMask = 2147483647;
			files = (
			);
			runOnlyForDeploymentPostprocessing = 0;
		};
		62F45FF8259D13B400DF1A7E /* Frameworks */ = {
			isa = PBXFrameworksBuildPhase;
			buildActionMask = 2147483647;
			files = (
				62F46000259D13B400DF1A7E /* SwiftUI.framework in Frameworks */,
				62F45FFE259D13B400DF1A7E /* WidgetKit.framework in Frameworks */,
			);
			runOnlyForDeploymentPostprocessing = 0;
		};
/* End PBXFrameworksBuildPhase section */

/* Begin PBXGroup section */
		62F45FCE259D139800DF1A7E = {
			isa = PBXGroup;
			children = (
				62F45FD3259D139800DF1A7E /* Shared */,
				62F45FDD259D139A00DF1A7E /* iOS */,
				62F45FE4259D139A00DF1A7E /* macOS */,
				62F46001259D13B400DF1A7E /* DeathTimeWidget */,
				62F45FFC259D13B400DF1A7E /* Frameworks */,
				62F45FDC259D139A00DF1A7E /* Products */,
			);
			sourceTree = "<group>";
		};
		62F45FD3259D139800DF1A7E /* Shared */ = {
			isa = PBXGroup;
			children = (
				62F45FD4259D139800DF1A7E /* Death_TimeApp.swift */,
				62F45FD5259D139800DF1A7E /* ContentView.swift */,
				62F45FD6259D139A00DF1A7E /* Assets.xcassets */,
			);
			path = Shared;
			sourceTree = "<group>";
		};
		62F45FDC259D139A00DF1A7E /* Products */ = {
			isa = PBXGroup;
			children = (
				62F45FDB259D139A00DF1A7E /* Death Time.app */,
				62F45FE3259D139A00DF1A7E /* Death Time.app */,
				62F45FFB259D13B400DF1A7E /* DeathTimeWidgetExtension.appex */,
			);
			name = Products;
			sourceTree = "<group>";
		};
		62F45FDD259D139A00DF1A7E /* iOS */ = {
			isa = PBXGroup;
			children = (
				62F45FDE259D139A00DF1A7E /* Info.plist */,
			);
			path = iOS;
			sourceTree = "<group>";
		};
		62F45FE4259D139A00DF1A7E /* macOS */ = {
			isa = PBXGroup;
			children = (
				62F45FE5259D139A00DF1A7E /* Info.plist */,
				62F45FE6259D139A00DF1A7E /* macOS.entitlements */,
			);
			path = macOS;
			sourceTree = "<group>";
		};
		62F45FFC259D13B400DF1A7E /* Frameworks */ = {
			isa = PBXGroup;
			children = (
				62F45FFD259D13B400DF1A7E /* WidgetKit.framework */,
				62F45FFF259D13B400DF1A7E /* SwiftUI.framework */,
			);
			name = Frameworks;
			sourceTree = "<group>";
		};
		62F46001259D13B400DF1A7E /* DeathTimeWidget */ = {
			isa = PBXGroup;
			children = (
				62F46002259D13B400DF1A7E /* DeathTimeWidget.swift */,
				62F46004259D13B600DF1A7E /* Assets.xcassets */,
				62F46006259D13B600DF1A7E /* Info.plist */,
			);
			path = DeathTimeWidget;
			sourceTree = "<group>";
		};
/* End PBXGroup section */

/* Begin PBXNativeTarget section */
		62F45FDA259D139A00DF1A7E /* Death Time (iOS) */ = {
			isa = PBXNativeTarget;
			buildConfigurationList = 62F45FEF259D139A00DF1A7E /* Build configuration list for PBXNativeTarget "Death Time (iOS)" */;
			buildPhases = (
				62F45FD7259D139A00DF1A7E /* Sources */,
				62F45FD8259D139A00DF1A7E /* Frameworks */,
				62F45FD9259D139A00DF1A7E /* Resources */,
				62F4600D259D13B600DF1A7E /* Embed App Extensions */,
			);
			buildRules = (
			);
			dependencies = (
				62F46008259D13B600DF1A7E /* PBXTargetDependency */,
			);
			name = "Death Time (iOS)";
			productName = "Death Time (iOS)";
			productReference = 62F45FDB259D139A00DF1A7E /* Death Time.app */;
			productType = "com.apple.product-type.application";
		};
		62F45FE2259D139A00DF1A7E /* Death Time (macOS) */ = {
			isa = PBXNativeTarget;
			buildConfigurationList = 62F45FF2259D139A00DF1A7E /* Build configuration list for PBXNativeTarget "Death Time (macOS)" */;
			buildPhases = (
				62F45FDF259D139A00DF1A7E /* Sources */,
				62F45FE0259D139A00DF1A7E /* Frameworks */,
				62F45FE1259D139A00DF1A7E /* Resources */,
			);
			buildRules = (
			);
			dependencies = (
			);
			name = "Death Time (macOS)";
			productName = "Death Time (macOS)";
			productReference = 62F45FE3259D139A00DF1A7E /* Death Time.app */;
			productType = "com.apple.product-type.application";
		};
		62F45FFA259D13B400DF1A7E /* DeathTimeWidgetExtension */ = {
			isa = PBXNativeTarget;
			buildConfigurationList = 62F4600A259D13B600DF1A7E /* Build configuration list for PBXNativeTarget "DeathTimeWidgetExtension" */;
			buildPhases = (
				62F45FF7259D13B400DF1A7E /* Sources */,
				62F45FF8259D13B400DF1A7E /* Frameworks */,
				62F45FF9259D13B400DF1A7E /* Resources */,
			);
			buildRules = (
			);
			dependencies = (
			);
			name = DeathTimeWidgetExtension;
			productName = DeathTimeWidgetExtension;
			productReference = 62F45FFB259D13B400DF1A7E /* DeathTimeWidgetExtension.appex */;
			productType = "com.apple.product-type.app-extension";
		};
/* End PBXNativeTarget section */

/* Begin PBXProject section */
		62F45FCF259D139800DF1A7E /* Project object */ = {
			isa = PBXProject;
			attributes = {
				LastSwiftUpdateCheck = 1230;
				LastUpgradeCheck = 1230;
				TargetAttributes = {
					62F45FDA259D139A00DF1A7E = {
						CreatedOnToolsVersion = 12.3;
					};
					62F45FE2259D139A00DF1A7E = {
						CreatedOnToolsVersion = 12.3;
					};
					62F45FFA259D13B400DF1A7E = {
						CreatedOnToolsVersion = 12.3;
					};
				};
			};
			buildConfigurationList = 62F45FD2259D139800DF1A7E /* Build configuration list for PBXProject "Death Time" */;
			compatibilityVersion = "Xcode 9.3";
			developmentRegion = en;
			hasScannedForEncodings = 0;
			knownRegions = (
				en,
				Base,
			);
			mainGroup = 62F45FCE259D139800DF1A7E;
			productRefGroup = 62F45FDC259D139A00DF1A7E /* Products */;
			projectDirPath = "";
			projectRoot = "";
			targets = (
				62F45FDA259D139A00DF1A7E /* Death Time (iOS) */,
				62F45FE2259D139A00DF1A7E /* Death Time (macOS) */,
				62F45FFA259D13B400DF1A7E /* DeathTimeWidgetExtension */,
			);
		};
/* End PBXProject section */

/* Begin PBXResourcesBuildPhase section */
		62F45FD9259D139A00DF1A7E /* Resources */ = {
			isa = PBXResourcesBuildPhase;
			buildActionMask = 2147483647;
			files = (
				62F45FEB259D139A00DF1A7E /* Assets.xcassets in Resources */,
			);
			runOnlyForDeploymentPostprocessing = 0;
		};
		62F45FE1259D139A00DF1A7E /* Resources */ = {
			isa = PBXResourcesBuildPhase;
			buildActionMask = 2147483647;
			files = (
				62F45FEC259D139A00DF1A7E /* Assets.xcassets in Resources */,
			);
			runOnlyForDeploymentPostprocessing = 0;
		};
		62F45FF9259D13B400DF1A7E /* Resources */ = {
			isa = PBXResourcesBuildPhase;
			buildActionMask = 2147483647;
			files = (
				62F46005259D13B600DF1A7E /* Assets.xcassets in Resources */,
			);
			runOnlyForDeploymentPostprocessing = 0;
		};
/* End PBXResourcesBuildPhase section */

/* Begin PBXSourcesBuildPhase section */
		62F45FD7259D139A00DF1A7E /* Sources */ = {
			isa = PBXSourcesBuildPhase;
			buildActionMask = 2147483647;
			files = (
				62F45FE9259D139A00DF1A7E /* ContentView.swift in Sources */,
				62F45FE7259D139A00DF1A7E /* Death_TimeApp.swift in Sources */,
			);
			runOnlyForDeploymentPostprocessing = 0;
		};
		62F45FDF259D139A00DF1A7E /* Sources */ = {
			isa = PBXSourcesBuildPhase;
			buildActionMask = 2147483647;
			files = (
				62F45FEA259D139A00DF1A7E /* ContentView.swift in Sources */,
				62F45FE8259D139A00DF1A7E /* Death_TimeApp.swift in Sources */,
			);
			runOnlyForDeploymentPostprocessing = 0;
		};
		62F45FF7259D13B400DF1A7E /* Sources */ = {
			isa = PBXSourcesBuildPhase;
			buildActionMask = 2147483647;
			files = (
				62F46003259D13B400DF1A7E /* DeathTimeWidget.swift in Sources */,
			);
			runOnlyForDeploymentPostprocessing = 0;
		};
/* End PBXSourcesBuildPhase section */

/* Begin PBXTargetDependency section */
		62F46008259D13B600DF1A7E /* PBXTargetDependency */ = {
			isa = PBXTargetDependency;
			target = 62F45FFA259D13B400DF1A7E /* DeathTimeWidgetExtension */;
			targetProxy = 62F46007259D13B600DF1A7E /* PBXContainerItemProxy */;
		};
/* End PBXTargetDependency section */

/* Begin XCBuildConfiguration section */
		62F45FED259D139A00DF1A7E /* Debug */ = {
			isa = XCBuildConfiguration;
			buildSettings = {
				ALWAYS_SEARCH_USER_PATHS = NO;
				CLANG_ANALYZER_NONNULL = YES;
				CLANG_ANALYZER_NUMBER_OBJECT_CONVERSION = YES_AGGRESSIVE;
				CLANG_CXX_LANGUAGE_STANDARD = "gnu++14";
				CLANG_CXX_LIBRARY = "libc++";
				CLANG_ENABLE_MODULES = YES;
				CLANG_ENABLE_OBJC_ARC = YES;
				CLANG_ENABLE_OBJC_WEAK = YES;
				CLANG_WARN_BLOCK_CAPTURE_AUTORELEASING = YES;
				CLANG_WARN_BOOL_CONVERSION = YES;
				CLANG_WARN_COMMA = YES;
				CLANG_WARN_CONSTANT_CONVERSION = YES;
				CLANG_WARN_DEPRECATED_OBJC_IMPLEMENTATIONS = YES;
				CLANG_WARN_DIRECT_OBJC_ISA_USAGE = YES_ERROR;
				CLANG_WARN_DOCUMENTATION_COMMENTS = YES;
				CLANG_WARN_EMPTY_BODY = YES;
				CLANG_WARN_ENUM_CONVERSION = YES;
				CLANG_WARN_INFINITE_RECURSION = YES;
				CLANG_WARN_INT_CONVERSION = YES;
				CLANG_WARN_NON_LITERAL_NULL_CONVERSION = YES;
				CLANG_WARN_OBJC_IMPLICIT_RETAIN_SELF = YES;
				CLANG_WARN_OBJC_LITERAL_CONVERSION = YES;
				CLANG_WARN_OBJC_ROOT_CLASS = YES_ERROR;
				CLANG_WARN_QUOTED_INCLUDE_IN_FRAMEWORK_HEADER = YES;
				CLANG_WARN_RANGE_LOOP_ANALYSIS = YES;
				CLANG_WARN_STRICT_PROTOTYPES = YES;
				CLANG_WARN_SUSPICIOUS_MOVE = YES;
				CLANG_WARN_UNGUARDED_AVAILABILITY = YES_AGGRESSIVE;
				CLANG_WARN_UNREACHABLE_CODE = YES;
				CLANG_WARN__DUPLICATE_METHOD_MATCH = YES;
				COPY_PHASE_STRIP = NO;
				DEBUG_INFORMATION_FORMAT = dwarf;
				ENABLE_STRICT_OBJC_MSGSEND = YES;
				ENABLE_TESTABILITY = YES;
				GCC_C_LANGUAGE_STANDARD = gnu11;
				GCC_DYNAMIC_NO_PIC = NO;
				GCC_NO_COMMON_BLOCKS = YES;
				GCC_OPTIMIZATION_LEVEL = 0;
				GCC_PREPROCESSOR_DEFINITIONS = (
					"DEBUG=1",
					"$(inherited)",
				);
				GCC_WARN_64_TO_32_BIT_CONVERSION = YES;
				GCC_WARN_ABOUT_RETURN_TYPE = YES_ERROR;
				GCC_WARN_UNDECLARED_SELECTOR = YES;
				GCC_WARN_UNINITIALIZED_AUTOS = YES_AGGRESSIVE;
				GCC_WARN_UNUSED_FUNCTION = YES;
				GCC_WARN_UNUSED_VARIABLE = YES;
				MTL_ENABLE_DEBUG_INFO = INCLUDE_SOURCE;
				MTL_FAST_MATH = YES;
				ONLY_ACTIVE_ARCH = YES;
				SWIFT_ACTIVE_COMPILATION_CONDITIONS = DEBUG;
				SWIFT_OPTIMIZATION_LEVEL = "-Onone";
			};
			name = Debug;
		};
		62F45FEE259D139A00DF1A7E /* Release */ = {
			isa = XCBuildConfiguration;
			buildSettings = {
				ALWAYS_SEARCH_USER_PATHS = NO;
				CLANG_ANALYZER_NONNULL = YES;
				CLANG_ANALYZER_NUMBER_OBJECT_CONVERSION = YES_AGGRESSIVE;
				CLANG_CXX_LANGUAGE_STANDARD = "gnu++14";
				CLANG_CXX_LIBRARY = "libc++";
				CLANG_ENABLE_MODULES = YES;
				CLANG_ENABLE_OBJC_ARC = YES;
				CLANG_ENABLE_OBJC_WEAK = YES;
				CLANG_WARN_BLOCK_CAPTURE_AUTORELEASING = YES;
				CLANG_WARN_BOOL_CONVERSION = YES;
				CLANG_WARN_COMMA = YES;
				CLANG_WARN_CONSTANT_CONVERSION = YES;
				CLANG_WARN_DEPRECATED_OBJC_IMPLEMENTATIONS = YES;
				CLANG_WARN_DIRECT_OBJC_ISA_USAGE = YES_ERROR;
				CLANG_WARN_DOCUMENTATION_COMMENTS = YES;
				CLANG_WARN_EMPTY_BODY = YES;
				CLANG_WARN_ENUM_CONVERSION = YES;
				CLANG_WARN_INFINITE_RECURSION = YES;
				CLANG_WARN_INT_CONVERSION = YES;
				CLANG_WARN_NON_LITERAL_NULL_CONVERSION = YES;
				CLANG_WARN_OBJC_IMPLICIT_RETAIN_SELF = YES;
				CLANG_WARN_OBJC_LITERAL_CONVERSION = YES;
				CLANG_WARN_OBJC_ROOT_CLASS = YES_ERROR;
				CLANG_WARN_QUOTED_INCLUDE_IN_FRAMEWORK_HEADER = YES;
				CLANG_WARN_RANGE_LOOP_ANALYSIS = YES;
				CLANG_WARN_STRICT_PROTOTYPES = YES;
				CLANG_WARN_SUSPICIOUS_MOVE = YES;
				CLANG_WARN_UNGUARDED_AVAILABILITY = YES_AGGRESSIVE;
				CLANG_WARN_UNREACHABLE_CODE = YES;
				CLANG_WARN__DUPLICATE_METHOD_MATCH = YES;
				COPY_PHASE_STRIP = NO;
				DEBUG_INFORMATION_FORMAT = "dwarf-with-dsym";
				ENABLE_NS_ASSERTIONS = NO;
				ENABLE_STRICT_OBJC_MSGSEND = YES;
				GCC_C_LANGUAGE_STANDARD = gnu11;
				GCC_NO_COMMON_BLOCKS = YES;
				GCC_WARN_64_TO_32_BIT_CONVERSION = YES;
				GCC_WARN_ABOUT_RETURN_TYPE = YES_ERROR;
				GCC_WARN_UNDECLARED_SELECTOR = YES;
				GCC_WARN_UNINITIALIZED_AUTOS = YES_AGGRESSIVE;
				GCC_WARN_UNUSED_FUNCTION = YES;
				GCC_WARN_UNUSED_VARIABLE = YES;
				MTL_ENABLE_DEBUG_INFO = NO;
				MTL_FAST_MATH = YES;
				SWIFT_COMPILATION_MODE = wholemodule;
				SWIFT_OPTIMIZATION_LEVEL = "-O";
			};
			name = Release;
		};
		62F45FF0259D139A00DF1A7E /* Debug */ = {
			isa = XCBuildConfiguration;
			buildSettings = {
				ALWAYS_EMBED_SWIFT_STANDARD_LIBRARIES = YES;
				ASSETCATALOG_COMPILER_APPICON_NAME = AppIcon;
				ASSETCATALOG_COMPILER_GLOBAL_ACCENT_COLOR_NAME = AccentColor;
				CODE_SIGN_STYLE = Automatic;
				DEVELOPMENT_TEAM = Q3GJATDTFC;
				ENABLE_PREVIEWS = YES;
				INFOPLIST_FILE = iOS/Info.plist;
				IPHONEOS_DEPLOYMENT_TARGET = 14.0;
				LD_RUNPATH_SEARCH_PATHS = (
					"$(inherited)",
					"@executable_path/Frameworks",
				);
				PRODUCT_BUNDLE_IDENTIFIER = "jevonmao.Death-Time";
				PRODUCT_NAME = "Death Time";
				SDKROOT = iphoneos;
				SWIFT_VERSION = 5.0;
				TARGETED_DEVICE_FAMILY = "1,2";
			};
			name = Debug;
		};
		62F45FF1259D139A00DF1A7E /* Release */ = {
			isa = XCBuildConfiguration;
			buildSettings = {
				ALWAYS_EMBED_SWIFT_STANDARD_LIBRARIES = YES;
				ASSETCATALOG_COMPILER_APPICON_NAME = AppIcon;
				ASSETCATALOG_COMPILER_GLOBAL_ACCENT_COLOR_NAME = AccentColor;
				CODE_SIGN_STYLE = Automatic;
				DEVELOPMENT_TEAM = Q3GJATDTFC;
				ENABLE_PREVIEWS = YES;
				INFOPLIST_FILE = iOS/Info.plist;
				IPHONEOS_DEPLOYMENT_TARGET = 14.0;
				LD_RUNPATH_SEARCH_PATHS = (
					"$(inherited)",
					"@executable_path/Frameworks",
				);
				PRODUCT_BUNDLE_IDENTIFIER = "jevonmao.Death-Time";
				PRODUCT_NAME = "Death Time";
				SDKROOT = iphoneos;
				SWIFT_VERSION = 5.0;
				TARGETED_DEVICE_FAMILY = "1,2";
				VALIDATE_PRODUCT = YES;
			};
			name = Release;
		};
		62F45FF3259D139A00DF1A7E /* Debug */ = {
			isa = XCBuildConfiguration;
			buildSettings = {
				ASSETCATALOG_COMPILER_APPICON_NAME = AppIcon;
				ASSETCATALOG_COMPILER_GLOBAL_ACCENT_COLOR_NAME = AccentColor;
				CODE_SIGN_ENTITLEMENTS = macOS/macOS.entitlements;
				CODE_SIGN_STYLE = Automatic;
				COMBINE_HIDPI_IMAGES = YES;
				DEVELOPMENT_TEAM = Q3GJATDTFC;
				ENABLE_HARDENED_RUNTIME = YES;
				ENABLE_PREVIEWS = YES;
				INFOPLIST_FILE = macOS/Info.plist;
				LD_RUNPATH_SEARCH_PATHS = (
					"$(inherited)",
					"@executable_path/../Frameworks",
				);
				MACOSX_DEPLOYMENT_TARGET = 11.0;
				PRODUCT_BUNDLE_IDENTIFIER = "jevonmao.Death-Time";
				PRODUCT_NAME = "Death Time";
				SDKROOT = macosx;
				SWIFT_VERSION = 5.0;
			};
			name = Debug;
		};
		62F45FF4259D139A00DF1A7E /* Release */ = {
			isa = XCBuildConfiguration;
			buildSettings = {
				ASSETCATALOG_COMPILER_APPICON_NAME = AppIcon;
				ASSETCATALOG_COMPILER_GLOBAL_ACCENT_COLOR_NAME = AccentColor;
				CODE_SIGN_ENTITLEMENTS = macOS/macOS.entitlements;
				CODE_SIGN_STYLE = Automatic;
				COMBINE_HIDPI_IMAGES = YES;
				DEVELOPMENT_TEAM = Q3GJATDTFC;
				ENABLE_HARDENED_RUNTIME = YES;
				ENABLE_PREVIEWS = YES;
				INFOPLIST_FILE = macOS/Info.plist;
				LD_RUNPATH_SEARCH_PATHS = (
					"$(inherited)",
					"@executable_path/../Frameworks",
				);
				MACOSX_DEPLOYMENT_TARGET = 11.0;
				PRODUCT_BUNDLE_IDENTIFIER = "jevonmao.Death-Time";
				PRODUCT_NAME = "Death Time";
				SDKROOT = macosx;
				SWIFT_VERSION = 5.0;
			};
			name = Release;
		};
		62F4600B259D13B600DF1A7E /* Debug */ = {
			isa = XCBuildConfiguration;
			buildSettings = {
				ASSETCATALOG_COMPILER_GLOBAL_ACCENT_COLOR_NAME = AccentColor;
				ASSETCATALOG_COMPILER_WIDGET_BACKGROUND_COLOR_NAME = WidgetBackground;
				CODE_SIGN_STYLE = Automatic;
				DEVELOPMENT_TEAM = Q3GJATDTFC;
				INFOPLIST_FILE = DeathTimeWidget/Info.plist;
				IPHONEOS_DEPLOYMENT_TARGET = 14.3;
				LD_RUNPATH_SEARCH_PATHS = (
					"$(inherited)",
					"@executable_path/Frameworks",
					"@executable_path/../../Frameworks",
				);
				PRODUCT_BUNDLE_IDENTIFIER = "jevonmao.Death-Time.DeathTimeWidget";
				PRODUCT_NAME = "$(TARGET_NAME)";
				SDKROOT = iphoneos;
				SKIP_INSTALL = YES;
				SWIFT_VERSION = 5.0;
				TARGETED_DEVICE_FAMILY = "1,2";
			};
			name = Debug;
		};
		62F4600C259D13B600DF1A7E /* Release */ = {
			isa = XCBuildConfiguration;
			buildSettings = {
				ASSETCATALOG_COMPILER_GLOBAL_ACCENT_COLOR_NAME = AccentColor;
				ASSETCATALOG_COMPILER_WIDGET_BACKGROUND_COLOR_NAME = WidgetBackground;
				CODE_SIGN_STYLE = Automatic;
				DEVELOPMENT_TEAM = Q3GJATDTFC;
				INFOPLIST_FILE = DeathTimeWidget/Info.plist;
				IPHONEOS_DEPLOYMENT_TARGET = 14.3;
				LD_RUNPATH_SEARCH_PATHS = (
					"$(inherited)",
					"@executable_path/Frameworks",
					"@executable_path/../../Frameworks",
				);
				PRODUCT_BUNDLE_IDENTIFIER = "jevonmao.Death-Time.DeathTimeWidget";
				PRODUCT_NAME = "$(TARGET_NAME)";
				SDKROOT = iphoneos;
				SKIP_INSTALL = YES;
				SWIFT_VERSION = 5.0;
				TARGETED_DEVICE_FAMILY = "1,2";
				VALIDATE_PRODUCT = YES;
			};
			name = Release;
		};
/* End XCBuildConfiguration section */

/* Begin XCConfigurationList section */
		62F45FD2259D139800DF1A7E /* Build configuration list for PBXProject "Death Time" */ = {
			isa = XCConfigurationList;
			buildConfigurations = (
				62F45FED259D139A00DF1A7E /* Debug */,
				62F45FEE259D139A00DF1A7E /* Release */,
			);
			defaultConfigurationIsVisible = 0;
			defaultConfigurationName = Release;
		};
		62F45FEF259D139A00DF1A7E /* Build configuration list for PBXNativeTarget "Death Time (iOS)" */ = {
			isa = XCConfigurationList;
			buildConfigurations = (
				62F45FF0259D139A00DF1A7E /* Debug */,
				62F45FF1259D139A00DF1A7E /* Release */,
			);
			defaultConfigurationIsVisible = 0;
			defaultConfigurationName = Release;
		};
		62F45FF2259D139A00DF1A7E /* Build configuration list for PBXNativeTarget "Death Time (macOS)" */ = {
			isa = XCConfigurationList;
			buildConfigurations = (
				62F45FF3259D139A00DF1A7E /* Debug */,
				62F45FF4259D139A00DF1A7E /* Release */,
			);
			defaultConfigurationIsVisible = 0;
			defaultConfigurationName = Release;
		};
		62F4600A259D13B600DF1A7E /* Build configuration list for PBXNativeTarget "DeathTimeWidgetExtension" */ = {
			isa = XCConfigurationList;
			buildConfigurations = (
				62F4600B259D13B600DF1A7E /* Debug */,
				62F4600C259D13B600DF1A7E /* Release */,
			);
			defaultConfigurationIsVisible = 0;
			defaultConfigurationName = Release;
		};
/* End XCConfigurationList section */
	};
	rootObject = 62F45FCF259D139800DF1A7E /* Project object */;
}
